
Microsoft Visual Studio Solution File, Format Version 12.00
# Visual Studio 2015
Project("{FAE04EC0-301F-11D3-BF4B-00C04F79EFBC}") = "GateObstruction.CSharp", "GateObstruction.CSharp.csproj", "{BC381DDC-63AF-59F8-15DC-E0C8ED173AC5}"
EndProject
Global
	GlobalSection(SolutionConfigurationPlatforms) = preSolution
		Debug|Any CPU = Debug|Any CPU
		Release|Any CPU = Release|Any CPU
	EndGlobalSection
	GlobalSection(ProjectConfigurationPlatforms) = postSolution
		{BC381DDC-63AF-59F8-15DC-E0C8ED173AC5}.Debug|Any CPU.ActiveCfg = Debug|Any CPU
		{BC381DDC-63AF-59F8-15DC-E0C8ED173AC5}.Debug|Any CPU.Build.0 = Debug|Any CPU
		{BC381DDC-63AF-59F8-15DC-E0C8ED173AC5}.Release|Any CPU.ActiveCfg = Release|Any CPU
		{BC381DDC-63AF-59F8-15DC-E0C8ED173AC5}.Release|Any CPU.Build.0 = Release|Any CPU
	EndGlobalSection
	GlobalSection(SolutionProperties) = preSolution
		HideSolutionNode = FALSE
	EndGlobalSection
EndGlobal
